
Microsoft Visual Studio Solution File, Format Version 12.00
# Visual Studio 15
VisualStudioVersion = 15.0.28307.421
MinimumVisualStudioVersion = 10.0.40219.1
Project("{FAE04EC0-301F-11D3-BF4B-00C04F79EFBC}") = "Monolitycznie", "Monolitycznie\Monolitycznie.csproj", "{F30E253E-8876-49FA-A79F-758EF98D9512}"
EndProject
Project("{FAE04EC0-301F-11D3-BF4B-00C04F79EFBC}") = "Proceduralnie", "Proceduralnie\Proceduralnie.csproj", "{BDD886C0-3616-4DFC-B27D-1AE87222A4B2}"
EndProject
Project("{FAE04EC0-301F-11D3-BF4B-00C04F79EFBC}") = "GraLib", "GraLib\GraLib.csproj", "{EDE66749-98E8-4569-AB86-2265E02CCAB8}"
EndProject
Global
	GlobalSection(SolutionConfigurationPlatforms) = preSolution
		Debug|Any CPU = Debug|Any CPU
		Release|Any CPU = Release|Any CPU
	EndGlobalSection
	GlobalSection(ProjectConfigurationPlatforms) = postSolution
		{F30E253E-8876-49FA-A79F-758EF98D9512}.Debug|Any CPU.ActiveCfg = Debug|Any CPU
		{F30E253E-8876-49FA-A79F-758EF98D9512}.Debug|Any CPU.Build.0 = Debug|Any CPU
		{F30E253E-8876-49FA-A79F-758EF98D9512}.Release|Any CPU.ActiveCfg = Release|Any CPU
		{F30E253E-8876-49FA-A79F-758EF98D9512}.Release|Any CPU.Build.0 = Release|Any CPU
		{BDD886C0-3616-4DFC-B27D-1AE87222A4B2}.Debug|Any CPU.ActiveCfg = Debug|Any CPU
		{BDD886C0-3616-4DFC-B27D-1AE87222A4B2}.Debug|Any CPU.Build.0 = Debug|Any CPU
		{BDD886C0-3616-4DFC-B27D-1AE87222A4B2}.Release|Any CPU.ActiveCfg = Release|Any CPU
		{BDD886C0-3616-4DFC-B27D-1AE87222A4B2}.Release|Any CPU.Build.0 = Release|Any CPU
		{EDE66749-98E8-4569-AB86-2265E02CCAB8}.Debug|Any CPU.ActiveCfg = Debug|Any CPU
		{EDE66749-98E8-4569-AB86-2265E02CCAB8}.Debug|Any CPU.Build.0 = Debug|Any CPU
		{EDE66749-98E8-4569-AB86-2265E02CCAB8}.Release|Any CPU.ActiveCfg = Release|Any CPU
		{EDE66749-98E8-4569-AB86-2265E02CCAB8}.Release|Any CPU.Build.0 = Release|Any CPU
	EndGlobalSection
	GlobalSection(SolutionProperties) = preSolution
		HideSolutionNode = FALSE
	EndGlobalSection
	GlobalSection(ExtensibilityGlobals) = postSolution
		SolutionGuid = {1D261B8A-9E41-48B8-8245-31786B57D412}
	EndGlobalSection
EndGlobal
